
Microsoft Visual Studio Solution File, Format Version 12.00
# Visual Studio 2013
VisualStudioVersion = 12.0.40629.0
MinimumVisualStudioVersion = 10.0.40219.1
Project("{FAE04EC0-301F-11D3-BF4B-00C04F79EFBC}") = "RMultWebService", "RMultWebService\RMultWebService.csproj", "{9C2FD893-719F-4BEB-A5AB-6219D0F24AEC}"
EndProject
Project("{FAE04EC0-301F-11D3-BF4B-00C04F79EFBC}") = "AppTest", "AppTest\AppTest.csproj", "{F37758C0-1D74-45C6-8D2F-E254E08950FA}"
EndProject
Global
	GlobalSection(SolutionConfigurationPlatforms) = preSolution
		Debug|Any CPU = Debug|Any CPU
		Release|Any CPU = Release|Any CPU
	EndGlobalSection
	GlobalSection(ProjectConfigurationPlatforms) = postSolution
		{9C2FD893-719F-4BEB-A5AB-6219D0F24AEC}.Debug|Any CPU.ActiveCfg = Debug|Any CPU
		{9C2FD893-719F-4BEB-A5AB-6219D0F24AEC}.Debug|Any CPU.Build.0 = Debug|Any CPU
		{9C2FD893-719F-4BEB-A5AB-6219D0F24AEC}.Release|Any CPU.ActiveCfg = Release|Any CPU
		{9C2FD893-719F-4BEB-A5AB-6219D0F24AEC}.Release|Any CPU.Build.0 = Release|Any CPU
		{F37758C0-1D74-45C6-8D2F-E254E08950FA}.Debug|Any CPU.ActiveCfg = Debug|Any CPU
		{F37758C0-1D74-45C6-8D2F-E254E08950FA}.Debug|Any CPU.Build.0 = Debug|Any CPU
		{F37758C0-1D74-45C6-8D2F-E254E08950FA}.Release|Any CPU.ActiveCfg = Release|Any CPU
		{F37758C0-1D74-45C6-8D2F-E254E08950FA}.Release|Any CPU.Build.0 = Release|Any CPU
	EndGlobalSection
	GlobalSection(SolutionProperties) = preSolution
		HideSolutionNode = FALSE
	EndGlobalSection
EndGlobal
